
Microsoft Visual Studio Solution File, Format Version 12.00
# Visual Studio Version 17
VisualStudioVersion = 17.8.34330.188
MinimumVisualStudioVersion = 10.0.40219.1
Project("{FAE04EC0-301F-11D3-BF4B-00C04F79EFBC}") = "ScuroLauncher", "ScuroLauncher/ScuroLauncher.csproj", "{9C67B2F4-0593-4CC0-A76D-9F2BEF288365}"
EndProject
Global
	GlobalSection(SolutionConfigurationPlatforms) = preSolution
		Debug|Any CPU = Debug|Any CPU
		Release|Any CPU = Release|Any CPU
	EndGlobalSection
	GlobalSection(ProjectConfigurationPlatforms) = postSolution
		{9C67B2F4-0593-4CC0-A76D-9F2BEF288365}.Debug|Any CPU.ActiveCfg = Debug|Any CPU
		{9C67B2F4-0593-4CC0-A76D-9F2BEF288365}.Debug|Any CPU.Build.0 = Debug|Any CPU
		{9C67B2F4-0593-4CC0-A76D-9F2BEF288365}.Release|Any CPU.ActiveCfg = Release|Any CPU
		{9C67B2F4-0593-4CC0-A76D-9F2BEF288365}.Release|Any CPU.Build.0 = Release|Any CPU
	EndGlobalSection
	GlobalSection(SolutionProperties) = preSolution
		HideSolutionNode = FALSE
	EndGlobalSection
	GlobalSection(ExtensibilityGlobals) = postSolution
		SolutionGuid = {2E942379-8211-474F-A37E-13447C52D25D}
	EndGlobalSection
EndGlobal
